# This file is automatically @generated by Poetry 1.5.1 and should not be changed by hand.

[[package]]
name = "pypdf"
version = "3.16.1"
description = "A pure-python PDF library capable of splitting, merging, cropping, and transforming PDF files"
optional = false
python-versions = ">=3.6"
files = [
    {file = "pypdf-3.16.1-py3-none-any.whl", hash = "sha256:7fc9eac57162c1c4651ffae1ae96dee911d8e75af66e83b2453b2a553a8814cc"},
    {file = "pypdf-3.16.1.tar.gz", hash = "sha256:aff9540e6c5ec135d6e80943db74257523639325162d00c903ee1e2be84351fc"},
]

[package.extras]
crypto = ["PyCryptodome", "cryptography"]
dev = ["black", "flit", "pip-tools", "pre-commit (<2.18.0)", "pytest-cov", "pytest-socket", "pytest-timeout", "wheel"]
docs = ["myst_parser", "sphinx", "sphinx_rtd_theme"]
full = ["Pillow (>=8.0.0)", "PyCryptodome", "cryptography"]
image = ["Pillow (>=8.0.0)"]

[metadata]
lock-version = "2.0"
python-versions = ">=3.10.0,<3.11"
content-hash = "0d7fc6488e8ab737c14e67d10b28fdd8f0712a05c5ab35509dcff7479833bc30"
